
Microsoft Visual Studio Solution File, Format Version 12.00
# Visual Studio Version 16
VisualStudioVersion = 16.0.30011.22
MinimumVisualStudioVersion = 10.0.40219.1
Project("{9A19103F-16F7-4668-BE54-9A1E7A4F7556}") = "DataPersistance", "DataPersistance\DataPersistance.csproj", "{5C27E0D5-9278-4286-BB67-AA345B8D2CB0}"
EndProject
Project("{9A19103F-16F7-4668-BE54-9A1E7A4F7556}") = "DataContract", "DataContract\DataContract.csproj", "{D865D3BF-C440-410E-AD56-98A043EE49DA}"
EndProject
Project("{9A19103F-16F7-4668-BE54-9A1E7A4F7556}") = "PushNotificationManager", "PushNotificationManager\PushNotificationManager.csproj", "{6C12E4B3-6CEE-4B7A-A328-040EA28B57C4}"
EndProject
Project("{9A19103F-16F7-4668-BE54-9A1E7A4F7556}") = "Service", "Service\Service.csproj", "{611616D7-2AE7-4224-9CBF-231376CB2F39}"
EndProject
Global
	GlobalSection(SolutionConfigurationPlatforms) = preSolution
		Debug|Any CPU = Debug|Any CPU
		Release|Any CPU = Release|Any CPU
	EndGlobalSection
	GlobalSection(ProjectConfigurationPlatforms) = postSolution
		{5C27E0D5-9278-4286-BB67-AA345B8D2CB0}.Debug|Any CPU.ActiveCfg = Debug|Any CPU
		{5C27E0D5-9278-4286-BB67-AA345B8D2CB0}.Debug|Any CPU.Build.0 = Debug|Any CPU
		{5C27E0D5-9278-4286-BB67-AA345B8D2CB0}.Release|Any CPU.ActiveCfg = Release|Any CPU
		{5C27E0D5-9278-4286-BB67-AA345B8D2CB0}.Release|Any CPU.Build.0 = Release|Any CPU
		{D865D3BF-C440-410E-AD56-98A043EE49DA}.Debug|Any CPU.ActiveCfg = Debug|Any CPU
		{D865D3BF-C440-410E-AD56-98A043EE49DA}.Debug|Any CPU.Build.0 = Debug|Any CPU
		{D865D3BF-C440-410E-AD56-98A043EE49DA}.Release|Any CPU.ActiveCfg = Release|Any CPU
		{D865D3BF-C440-410E-AD56-98A043EE49DA}.Release|Any CPU.Build.0 = Release|Any CPU
		{6C12E4B3-6CEE-4B7A-A328-040EA28B57C4}.Debug|Any CPU.ActiveCfg = Debug|Any CPU
		{6C12E4B3-6CEE-4B7A-A328-040EA28B57C4}.Debug|Any CPU.Build.0 = Debug|Any CPU
		{6C12E4B3-6CEE-4B7A-A328-040EA28B57C4}.Release|Any CPU.ActiveCfg = Release|Any CPU
		{6C12E4B3-6CEE-4B7A-A328-040EA28B57C4}.Release|Any CPU.Build.0 = Release|Any CPU
		{611616D7-2AE7-4224-9CBF-231376CB2F39}.Debug|Any CPU.ActiveCfg = Debug|Any CPU
		{611616D7-2AE7-4224-9CBF-231376CB2F39}.Debug|Any CPU.Build.0 = Debug|Any CPU
		{611616D7-2AE7-4224-9CBF-231376CB2F39}.Release|Any CPU.ActiveCfg = Release|Any CPU
		{611616D7-2AE7-4224-9CBF-231376CB2F39}.Release|Any CPU.Build.0 = Release|Any CPU
	EndGlobalSection
	GlobalSection(SolutionProperties) = preSolution
		HideSolutionNode = FALSE
	EndGlobalSection
	GlobalSection(ExtensibilityGlobals) = postSolution
		SolutionGuid = {5CC88A88-38B4-47E6-84FB-321AFDF94BDE}
	EndGlobalSection
EndGlobal
